// !$*UTF8*$!
{
	archiveVersion = 1;
	classes = {
	};
	objectVersion = 50;
	objects = {

/* Begin PBXBuildFile section */
		3A2508D822E729AF0014F2EB /* PaymentVC.swift in Sources */ = {isa = PBXBuildFile; fileRef = 3A2508D722E729AF0014F2EB /* PaymentVC.swift */; };
		3A63B85B22E5D8F600BF90CD /* TripDetailsVC.swift in Sources */ = {isa = PBXBuildFile; fileRef = 3A63B85A22E5D8F600BF90CD /* TripDetailsVC.swift */; };
		3A7DFB0222DDAF7900EB4C3B /* DestinationCell.swift in Sources */ = {isa = PBXBuildFile; fileRef = 3A7DFB0122DDAF7900EB4C3B /* DestinationCell.swift */; };
		3A7DFB0422DDAF9000EB4C3B /* GuideCell.swift in Sources */ = {isa = PBXBuildFile; fileRef = 3A7DFB0322DDAF9000EB4C3B /* GuideCell.swift */; };
		3A7DFB0622DDAFC100EB4C3B /* DestinationCollectionViewCell.swift in Sources */ = {isa = PBXBuildFile; fileRef = 3A7DFB0522DDAFC100EB4C3B /* DestinationCollectionViewCell.swift */; };
		3A7DFB0822DDB5AC00EB4C3B /* HomeVC.swift in Sources */ = {isa = PBXBuildFile; fileRef = 3A7DFB0722DDB5AC00EB4C3B /* HomeVC.swift */; };
		3A7DFB0A22DDB63A00EB4C3B /* MyTourVC.swift in Sources */ = {isa = PBXBuildFile; fileRef = 3A7DFB0922DDB63A00EB4C3B /* MyTourVC.swift */; };
		3A7DFB0C22DDB64900EB4C3B /* MessageVC.swift in Sources */ = {isa = PBXBuildFile; fileRef = 3A7DFB0B22DDB64900EB4C3B /* MessageVC.swift */; };
		3A8BF97022E029D2008DA199 /* SettingVC.swift in Sources */ = {isa = PBXBuildFile; fileRef = 3A8BF96F22E029D2008DA199 /* SettingVC.swift */; };
		3A8BF97222E0359E008DA199 /* RecoverPasswordVC.swift in Sources */ = {isa = PBXBuildFile; fileRef = 3A8BF97122E0359E008DA199 /* RecoverPasswordVC.swift */; };
		3A8BF97422E04C11008DA199 /* MobileVerificationVC.swift in Sources */ = {isa = PBXBuildFile; fileRef = 3A8BF97322E04C11008DA199 /* MobileVerificationVC.swift */; };
		3A8BF97622E04ED5008DA199 /* HelpVC.swift in Sources */ = {isa = PBXBuildFile; fileRef = 3A8BF97522E04ED5008DA199 /* HelpVC.swift */; };
		3A8BF97822E053CB008DA199 /* NotificationVC.swift in Sources */ = {isa = PBXBuildFile; fileRef = 3A8BF97722E053CB008DA199 /* NotificationVC.swift */; };
		3A911F5122E6D82C00470695 /* UploadDocumentVC.swift in Sources */ = {isa = PBXBuildFile; fileRef = 3A911F5022E6D82C00470695 /* UploadDocumentVC.swift */; };
		3A91A91522E17171003CB07B /* OtpVerificationVC.swift in Sources */ = {isa = PBXBuildFile; fileRef = 3A91A91422E17171003CB07B /* OtpVerificationVC.swift */; };
		3A91A91722E17CFD003CB07B /* SignUpQuestionsVC.swift in Sources */ = {isa = PBXBuildFile; fileRef = 3A91A91622E17CFD003CB07B /* SignUpQuestionsVC.swift */; };
		3A91A91922E180C2003CB07B /* ProfileVC.swift in Sources */ = {isa = PBXBuildFile; fileRef = 3A91A91822E180C2003CB07B /* ProfileVC.swift */; };
		3AA9F27022DF061500C89C1A /* UIViewExtension.swift in Sources */ = {isa = PBXBuildFile; fileRef = 3AA9F26F22DF061500C89C1A /* UIViewExtension.swift */; };
		3AA9F27222DF1E1100C89C1A /* GuideListVC.swift in Sources */ = {isa = PBXBuildFile; fileRef = 3AA9F27122DF1E1100C89C1A /* GuideListVC.swift */; };
		3AA9F27422DF2E6900C89C1A /* AfterRequestVC.swift in Sources */ = {isa = PBXBuildFile; fileRef = 3AA9F27322DF2E6900C89C1A /* AfterRequestVC.swift */; };
		3AA9F27622DF6ED600C89C1A /* SignUpVC.swift in Sources */ = {isa = PBXBuildFile; fileRef = 3AA9F27522DF6ED600C89C1A /* SignUpVC.swift */; };
		3AA9F27822DF725800C89C1A /* UITextFieldExtension.swift in Sources */ = {isa = PBXBuildFile; fileRef = 3AA9F27722DF725800C89C1A /* UITextFieldExtension.swift */; };
		3AE6D2FA22DE19A3009DB9AA /* ColorExtension.swift in Sources */ = {isa = PBXBuildFile; fileRef = 3AE6D2F922DE19A3009DB9AA /* ColorExtension.swift */; };
		4BD7DE570FDEE427705E659B /* Pods_UtaliiTests.framework in Frameworks */ = {isa = PBXBuildFile; fileRef = D86E81549223657995988262 /* Pods_UtaliiTests.framework */; };
		4BD9A8E0987C751536A488F3 /* Pods_Utalii.framework in Frameworks */ = {isa = PBXBuildFile; fileRef = 1F1EAB00CB2E23F141FAA84E /* Pods_Utalii.framework */; };
		B15EB9FB22D889C80030F1BB /* UTButton.swift in Sources */ = {isa = PBXBuildFile; fileRef = B15EB9FA22D889C80030F1BB /* UTButton.swift */; };
		B15EB9FD22D889E90030F1BB /* UTView.swift in Sources */ = {isa = PBXBuildFile; fileRef = B15EB9FC22D889E90030F1BB /* UTView.swift */; };
		B15EB9FF22D88A160030F1BB /* UTIMageView.swift in Sources */ = {isa = PBXBuildFile; fileRef = B15EB9FE22D88A160030F1BB /* UTIMageView.swift */; };
		B15EBA0922D88D610030F1BB /* Roboto-LightItalic.ttf in Resources */ = {isa = PBXBuildFile; fileRef = B15EBA0122D88D610030F1BB /* Roboto-LightItalic.ttf */; };
		B15EBA0A22D88D610030F1BB /* Roboto-Italic.ttf in Resources */ = {isa = PBXBuildFile; fileRef = B15EBA0222D88D610030F1BB /* Roboto-Italic.ttf */; };
		B15EBA0B22D88D610030F1BB /* Roboto-Medium.ttf in Resources */ = {isa = PBXBuildFile; fileRef = B15EBA0322D88D610030F1BB /* Roboto-Medium.ttf */; };
		B15EBA0C22D88D610030F1BB /* Roboto-BlackItalic.ttf in Resources */ = {isa = PBXBuildFile; fileRef = B15EBA0422D88D610030F1BB /* Roboto-BlackItalic.ttf */; };
		B15EBA0D22D88D610030F1BB /* Roboto-Bold.ttf in Resources */ = {isa = PBXBuildFile; fileRef = B15EBA0522D88D610030F1BB /* Roboto-Bold.ttf */; };
		B15EBA0E22D88D610030F1BB /* Roboto-BoldItalic.ttf in Resources */ = {isa = PBXBuildFile; fileRef = B15EBA0622D88D610030F1BB /* Roboto-BoldItalic.ttf */; };
		B15EBA0F22D88D610030F1BB /* Roboto-Black.ttf in Resources */ = {isa = PBXBuildFile; fileRef = B15EBA0722D88D610030F1BB /* Roboto-Black.ttf */; };
		B15EBA1022D88D610030F1BB /* Roboto-Light.ttf in Resources */ = {isa = PBXBuildFile; fileRef = B15EBA0822D88D610030F1BB /* Roboto-Light.ttf */; };
		B15EBA1522D88D6C0030F1BB /* Roboto-Thin.ttf in Resources */ = {isa = PBXBuildFile; fileRef = B15EBA1122D88D6C0030F1BB /* Roboto-Thin.ttf */; };
		B15EBA1622D88D6C0030F1BB /* Roboto-Regular.ttf in Resources */ = {isa = PBXBuildFile; fileRef = B15EBA1222D88D6C0030F1BB /* Roboto-Regular.ttf */; };
		B15EBA1722D88D6C0030F1BB /* Roboto-ThinItalic.ttf in Resources */ = {isa = PBXBuildFile; fileRef = B15EBA1322D88D6C0030F1BB /* Roboto-ThinItalic.ttf */; };
		B15EBA1822D88D6C0030F1BB /* Roboto-MediumItalic.ttf in Resources */ = {isa = PBXBuildFile; fileRef = B15EBA1422D88D6C0030F1BB /* Roboto-MediumItalic.ttf */; };
		B17DA90C22D4745C007B6A52 /* AppDelegate.swift in Sources */ = {isa = PBXBuildFile; fileRef = B17DA90B22D4745C007B6A52 /* AppDelegate.swift */; };
		B17DA90E22D4745C007B6A52 /* ViewController.swift in Sources */ = {isa = PBXBuildFile; fileRef = B17DA90D22D4745C007B6A52 /* ViewController.swift */; };
		B17DA91122D4745C007B6A52 /* Main.storyboard in Resources */ = {isa = PBXBuildFile; fileRef = B17DA90F22D4745C007B6A52 /* Main.storyboard */; };
		B17DA91422D4745C007B6A52 /* Utalii.xcdatamodeld in Sources */ = {isa = PBXBuildFile; fileRef = B17DA91222D4745C007B6A52 /* Utalii.xcdatamodeld */; };
		B17DA91622D47461007B6A52 /* Assets.xcassets in Resources */ = {isa = PBXBuildFile; fileRef = B17DA91522D47461007B6A52 /* Assets.xcassets */; };
		B17DA91922D47461007B6A52 /* LaunchScreen.storyboard in Resources */ = {isa = PBXBuildFile; fileRef = B17DA91722D47461007B6A52 /* LaunchScreen.storyboard */; };
		B17DA92422D47461007B6A52 /* UtaliiTests.swift in Sources */ = {isa = PBXBuildFile; fileRef = B17DA92322D47461007B6A52 /* UtaliiTests.swift */; };
		B17DA92F22D47461007B6A52 /* UtaliiUITests.swift in Sources */ = {isa = PBXBuildFile; fileRef = B17DA92E22D47461007B6A52 /* UtaliiUITests.swift */; };
		C3CE52D1A0D90448F64C77C7 /* Pods_UtaliiUITests.framework in Frameworks */ = {isa = PBXBuildFile; fileRef = 036115E6D427E53BB1D4ABE3 /* Pods_UtaliiUITests.framework */; };
/* End PBXBuildFile section */

/* Begin PBXContainerItemProxy section */
		B17DA92022D47461007B6A52 /* PBXContainerItemProxy */ = {
			isa = PBXContainerItemProxy;
			containerPortal = B17DA90022D4745C007B6A52 /* Project object */;
			proxyType = 1;
			remoteGlobalIDString = B17DA90722D4745C007B6A52;
			remoteInfo = Utalii;
		};
		B17DA92B22D47461007B6A52 /* PBXContainerItemProxy */ = {
			isa = PBXContainerItemProxy;
			containerPortal = B17DA90022D4745C007B6A52 /* Project object */;
			proxyType = 1;
			remoteGlobalIDString = B17DA90722D4745C007B6A52;
			remoteInfo = Utalii;
		};
/* End PBXContainerItemProxy section */

/* Begin PBXFileReference section */
		036115E6D427E53BB1D4ABE3 /* Pods_UtaliiUITests.framework */ = {isa = PBXFileReference; explicitFileType = wrapper.framework; includeInIndex = 0; path = Pods_UtaliiUITests.framework; sourceTree = BUILT_PRODUCTS_DIR; };
		1F1EAB00CB2E23F141FAA84E /* Pods_Utalii.framework */ = {isa = PBXFileReference; explicitFileType = wrapper.framework; includeInIndex = 0; path = Pods_Utalii.framework; sourceTree = BUILT_PRODUCTS_DIR; };
		3842F7000EB1DF497E7A322E /* Pods-UtaliiUITests.debug.xcconfig */ = {isa = PBXFileReference; includeInIndex = 1; lastKnownFileType = text.xcconfig; name = "Pods-UtaliiUITests.debug.xcconfig"; path = "Target Support Files/Pods-UtaliiUITests/Pods-UtaliiUITests.debug.xcconfig"; sourceTree = "<group>"; };
		3A2508D722E729AF0014F2EB /* PaymentVC.swift */ = {isa = PBXFileReference; lastKnownFileType = sourcecode.swift; path = PaymentVC.swift; sourceTree = "<group>"; };
		3A63B85A22E5D8F600BF90CD /* TripDetailsVC.swift */ = {isa = PBXFileReference; lastKnownFileType = sourcecode.swift; path = TripDetailsVC.swift; sourceTree = "<group>"; };
		3A7DFB0122DDAF7900EB4C3B /* DestinationCell.swift */ = {isa = PBXFileReference; lastKnownFileType = sourcecode.swift; path = DestinationCell.swift; sourceTree = "<group>"; };
		3A7DFB0322DDAF9000EB4C3B /* GuideCell.swift */ = {isa = PBXFileReference; lastKnownFileType = sourcecode.swift; path = GuideCell.swift; sourceTree = "<group>"; };
		3A7DFB0522DDAFC100EB4C3B /* DestinationCollectionViewCell.swift */ = {isa = PBXFileReference; lastKnownFileType = sourcecode.swift; path = DestinationCollectionViewCell.swift; sourceTree = "<group>"; };
		3A7DFB0722DDB5AC00EB4C3B /* HomeVC.swift */ = {isa = PBXFileReference; lastKnownFileType = sourcecode.swift; path = HomeVC.swift; sourceTree = "<group>"; };
		3A7DFB0922DDB63A00EB4C3B /* MyTourVC.swift */ = {isa = PBXFileReference; lastKnownFileType = sourcecode.swift; path = MyTourVC.swift; sourceTree = "<group>"; };
		3A7DFB0B22DDB64900EB4C3B /* MessageVC.swift */ = {isa = PBXFileReference; lastKnownFileType = sourcecode.swift; path = MessageVC.swift; sourceTree = "<group>"; };
		3A8BF96F22E029D2008DA199 /* SettingVC.swift */ = {isa = PBXFileReference; lastKnownFileType = sourcecode.swift; path = SettingVC.swift; sourceTree = "<group>"; };
		3A8BF97122E0359E008DA199 /* RecoverPasswordVC.swift */ = {isa = PBXFileReference; lastKnownFileType = sourcecode.swift; path = RecoverPasswordVC.swift; sourceTree = "<group>"; };
		3A8BF97322E04C11008DA199 /* MobileVerificationVC.swift */ = {isa = PBXFileReference; lastKnownFileType = sourcecode.swift; path = MobileVerificationVC.swift; sourceTree = "<group>"; };
		3A8BF97522E04ED5008DA199 /* HelpVC.swift */ = {isa = PBXFileReference; lastKnownFileType = sourcecode.swift; path = HelpVC.swift; sourceTree = "<group>"; };
		3A8BF97722E053CB008DA199 /* NotificationVC.swift */ = {isa = PBXFileReference; lastKnownFileType = sourcecode.swift; path = NotificationVC.swift; sourceTree = "<group>"; };
		3A911F5022E6D82C00470695 /* UploadDocumentVC.swift */ = {isa = PBXFileReference; lastKnownFileType = sourcecode.swift; path = UploadDocumentVC.swift; sourceTree = "<group>"; };
		3A91A91422E17171003CB07B /* OtpVerificationVC.swift */ = {isa = PBXFileReference; lastKnownFileType = sourcecode.swift; path = OtpVerificationVC.swift; sourceTree = "<group>"; };
		3A91A91622E17CFD003CB07B /* SignUpQuestionsVC.swift */ = {isa = PBXFileReference; lastKnownFileType = sourcecode.swift; path = SignUpQuestionsVC.swift; sourceTree = "<group>"; };
		3A91A91822E180C2003CB07B /* ProfileVC.swift */ = {isa = PBXFileReference; lastKnownFileType = sourcecode.swift; path = ProfileVC.swift; sourceTree = "<group>"; };
		3AA9F26F22DF061500C89C1A /* UIViewExtension.swift */ = {isa = PBXFileReference; lastKnownFileType = sourcecode.swift; path = UIViewExtension.swift; sourceTree = "<group>"; };
		3AA9F27122DF1E1100C89C1A /* GuideListVC.swift */ = {isa = PBXFileReference; lastKnownFileType = sourcecode.swift; path = GuideListVC.swift; sourceTree = "<group>"; };
		3AA9F27322DF2E6900C89C1A /* AfterRequestVC.swift */ = {isa = PBXFileReference; lastKnownFileType = sourcecode.swift; path = AfterRequestVC.swift; sourceTree = "<group>"; };
		3AA9F27522DF6ED600C89C1A /* SignUpVC.swift */ = {isa = PBXFileReference; lastKnownFileType = sourcecode.swift; path = SignUpVC.swift; sourceTree = "<group>"; };
		3AA9F27722DF725800C89C1A /* UITextFieldExtension.swift */ = {isa = PBXFileReference; lastKnownFileType = sourcecode.swift; path = UITextFieldExtension.swift; sourceTree = "<group>"; };
		3AE6D2F922DE19A3009DB9AA /* ColorExtension.swift */ = {isa = PBXFileReference; lastKnownFileType = sourcecode.swift; path = ColorExtension.swift; sourceTree = "<group>"; };
		65D4157F560876E5AF830432 /* Pods-UtaliiTests.debug.xcconfig */ = {isa = PBXFileReference; includeInIndex = 1; lastKnownFileType = text.xcconfig; name = "Pods-UtaliiTests.debug.xcconfig"; path = "Target Support Files/Pods-UtaliiTests/Pods-UtaliiTests.debug.xcconfig"; sourceTree = "<group>"; };
		66E4DE215876CE9127377725 /* Pods-UtaliiTests.release.xcconfig */ = {isa = PBXFileReference; includeInIndex = 1; lastKnownFileType = text.xcconfig; name = "Pods-UtaliiTests.release.xcconfig"; path = "Target Support Files/Pods-UtaliiTests/Pods-UtaliiTests.release.xcconfig"; sourceTree = "<group>"; };
		9930A5530D177A82A589D156 /* Pods-Utalii.debug.xcconfig */ = {isa = PBXFileReference; includeInIndex = 1; lastKnownFileType = text.xcconfig; name = "Pods-Utalii.debug.xcconfig"; path = "Target Support Files/Pods-Utalii/Pods-Utalii.debug.xcconfig"; sourceTree = "<group>"; };
		B15EB9FA22D889C80030F1BB /* UTButton.swift */ = {isa = PBXFileReference; lastKnownFileType = sourcecode.swift; path = UTButton.swift; sourceTree = "<group>"; };
		B15EB9FC22D889E90030F1BB /* UTView.swift */ = {isa = PBXFileReference; lastKnownFileType = sourcecode.swift; path = UTView.swift; sourceTree = "<group>"; };
		B15EB9FE22D88A160030F1BB /* UTIMageView.swift */ = {isa = PBXFileReference; lastKnownFileType = sourcecode.swift; path = UTIMageView.swift; sourceTree = "<group>"; };
		B15EBA0122D88D610030F1BB /* Roboto-LightItalic.ttf */ = {isa = PBXFileReference; lastKnownFileType = file; path = "Roboto-LightItalic.ttf"; sourceTree = "<group>"; };
		B15EBA0222D88D610030F1BB /* Roboto-Italic.ttf */ = {isa = PBXFileReference; lastKnownFileType = file; path = "Roboto-Italic.ttf"; sourceTree = "<group>"; };
		B15EBA0322D88D610030F1BB /* Roboto-Medium.ttf */ = {isa = PBXFileReference; lastKnownFileType = file; path = "Roboto-Medium.ttf"; sourceTree = "<group>"; };
		B15EBA0422D88D610030F1BB /* Roboto-BlackItalic.ttf */ = {isa = PBXFileReference; lastKnownFileType = file; path = "Roboto-BlackItalic.ttf"; sourceTree = "<group>"; };
		B15EBA0522D88D610030F1BB /* Roboto-Bold.ttf */ = {isa = PBXFileReference; lastKnownFileType = file; path = "Roboto-Bold.ttf"; sourceTree = "<group>"; };
		B15EBA0622D88D610030F1BB /* Roboto-BoldItalic.ttf */ = {isa = PBXFileReference; lastKnownFileType = file; path = "Roboto-BoldItalic.ttf"; sourceTree = "<group>"; };
		B15EBA0722D88D610030F1BB /* Roboto-Black.ttf */ = {isa = PBXFileReference; lastKnownFileType = file; path = "Roboto-Black.ttf"; sourceTree = "<group>"; };
		B15EBA0822D88D610030F1BB /* Roboto-Light.ttf */ = {isa = PBXFileReference; lastKnownFileType = file; path = "Roboto-Light.ttf"; sourceTree = "<group>"; };
		B15EBA1122D88D6C0030F1BB /* Roboto-Thin.ttf */ = {isa = PBXFileReference; lastKnownFileType = file; path = "Roboto-Thin.ttf"; sourceTree = "<group>"; };
		B15EBA1222D88D6C0030F1BB /* Roboto-Regular.ttf */ = {isa = PBXFileReference; lastKnownFileType = file; path = "Roboto-Regular.ttf"; sourceTree = "<group>"; };
		B15EBA1322D88D6C0030F1BB /* Roboto-ThinItalic.ttf */ = {isa = PBXFileReference; lastKnownFileType = file; path = "Roboto-ThinItalic.ttf"; sourceTree = "<group>"; };
		B15EBA1422D88D6C0030F1BB /* Roboto-MediumItalic.ttf */ = {isa = PBXFileReference; lastKnownFileType = file; path = "Roboto-MediumItalic.ttf"; sourceTree = "<group>"; };
		B17DA90822D4745C007B6A52 /* Utalii.app */ = {isa = PBXFileReference; explicitFileType = wrapper.application; includeInIndex = 0; path = Utalii.app; sourceTree = BUILT_PRODUCTS_DIR; };
		B17DA90B22D4745C007B6A52 /* AppDelegate.swift */ = {isa = PBXFileReference; lastKnownFileType = sourcecode.swift; path = AppDelegate.swift; sourceTree = "<group>"; };
		B17DA90D22D4745C007B6A52 /* ViewController.swift */ = {isa = PBXFileReference; lastKnownFileType = sourcecode.swift; path = ViewController.swift; sourceTree = "<group>"; };
		B17DA91022D4745C007B6A52 /* Base */ = {isa = PBXFileReference; lastKnownFileType = file.storyboard; name = Base; path = Base.lproj/Main.storyboard; sourceTree = "<group>"; };
		B17DA91322D4745C007B6A52 /* Utalii.xcdatamodel */ = {isa = PBXFileReference; lastKnownFileType = wrapper.xcdatamodel; path = Utalii.xcdatamodel; sourceTree = "<group>"; };
		B17DA91522D47461007B6A52 /* Assets.xcassets */ = {isa = PBXFileReference; lastKnownFileType = folder.assetcatalog; path = Assets.xcassets; sourceTree = "<group>"; };
		B17DA91822D47461007B6A52 /* Base */ = {isa = PBXFileReference; lastKnownFileType = file.storyboard; name = Base; path = Base.lproj/LaunchScreen.storyboard; sourceTree = "<group>"; };
		B17DA91A22D47461007B6A52 /* Info.plist */ = {isa = PBXFileReference; lastKnownFileType = text.plist.xml; path = Info.plist; sourceTree = "<group>"; };
		B17DA91F22D47461007B6A52 /* UtaliiTests.xctest */ = {isa = PBXFileReference; explicitFileType = wrapper.cfbundle; includeInIndex = 0; path = UtaliiTests.xctest; sourceTree = BUILT_PRODUCTS_DIR; };
		B17DA92322D47461007B6A52 /* UtaliiTests.swift */ = {isa = PBXFileReference; lastKnownFileType = sourcecode.swift; path = UtaliiTests.swift; sourceTree = "<group>"; };
		B17DA92522D47461007B6A52 /* Info.plist */ = {isa = PBXFileReference; lastKnownFileType = text.plist.xml; path = Info.plist; sourceTree = "<group>"; };
		B17DA92A22D47461007B6A52 /* UtaliiUITests.xctest */ = {isa = PBXFileReference; explicitFileType = wrapper.cfbundle; includeInIndex = 0; path = UtaliiUITests.xctest; sourceTree = BUILT_PRODUCTS_DIR; };
		B17DA92E22D47461007B6A52 /* UtaliiUITests.swift */ = {isa = PBXFileReference; lastKnownFileType = sourcecode.swift; path = UtaliiUITests.swift; sourceTree = "<group>"; };
		B17DA93022D47461007B6A52 /* Info.plist */ = {isa = PBXFileReference; lastKnownFileType = text.plist.xml; path = Info.plist; sourceTree = "<group>"; };
		CCB8EDD81F74F7D01FEE539E /* Pods-UtaliiUITests.release.xcconfig */ = {isa = PBXFileReference; includeInIndex = 1; lastKnownFileType = text.xcconfig; name = "Pods-UtaliiUITests.release.xcconfig"; path = "Target Support Files/Pods-UtaliiUITests/Pods-UtaliiUITests.release.xcconfig"; sourceTree = "<group>"; };
		D86E81549223657995988262 /* Pods_UtaliiTests.framework */ = {isa = PBXFileReference; explicitFileType = wrapper.framework; includeInIndex = 0; path = Pods_UtaliiTests.framework; sourceTree = BUILT_PRODUCTS_DIR; };
		F5079ECEF80E152BCA4EEE7F /* Pods-Utalii.release.xcconfig */ = {isa = PBXFileReference; includeInIndex = 1; lastKnownFileType = text.xcconfig; name = "Pods-Utalii.release.xcconfig"; path = "Target Support Files/Pods-Utalii/Pods-Utalii.release.xcconfig"; sourceTree = "<group>"; };
/* End PBXFileReference section */

/* Begin PBXFrameworksBuildPhase section */
		B17DA90522D4745C007B6A52 /* Frameworks */ = {
			isa = PBXFrameworksBuildPhase;
			buildActionMask = 2147483647;
			files = (
				4BD9A8E0987C751536A488F3 /* Pods_Utalii.framework in Frameworks */,
			);
			runOnlyForDeploymentPostprocessing = 0;
		};
		B17DA91C22D47461007B6A52 /* Frameworks */ = {
			isa = PBXFrameworksBuildPhase;
			buildActionMask = 2147483647;
			files = (
				4BD7DE570FDEE427705E659B /* Pods_UtaliiTests.framework in Frameworks */,
			);
			runOnlyForDeploymentPostprocessing = 0;
		};
		B17DA92722D47461007B6A52 /* Frameworks */ = {
			isa = PBXFrameworksBuildPhase;
			buildActionMask = 2147483647;
			files = (
				C3CE52D1A0D90448F64C77C7 /* Pods_UtaliiUITests.framework in Frameworks */,
			);
			runOnlyForDeploymentPostprocessing = 0;
		};
/* End PBXFrameworksBuildPhase section */

/* Begin PBXGroup section */
		0157107FEE8344F4A66254CA /* Frameworks */ = {
			isa = PBXGroup;
			children = (
				1F1EAB00CB2E23F141FAA84E /* Pods_Utalii.framework */,
				D86E81549223657995988262 /* Pods_UtaliiTests.framework */,
				036115E6D427E53BB1D4ABE3 /* Pods_UtaliiUITests.framework */,
			);
			name = Frameworks;
			sourceTree = "<group>";
		};
		3A7DFB0022DDAF4F00EB4C3B /* CustomCell */ = {
			isa = PBXGroup;
			children = (
				3A7DFB0122DDAF7900EB4C3B /* DestinationCell.swift */,
				3A7DFB0322DDAF9000EB4C3B /* GuideCell.swift */,
				3A7DFB0522DDAFC100EB4C3B /* DestinationCollectionViewCell.swift */,
			);
			path = CustomCell;
			sourceTree = "<group>";
		};
		3A7F299522DC55F400447D5E /* Common */ = {
			isa = PBXGroup;
			children = (
			);
			name = Common;
			path = Utalii/Common;
			sourceTree = "<group>";
		};
		3A7F299622DC561E00447D5E /* Controller */ = {
			isa = PBXGroup;
			children = (
				3A7DFB0722DDB5AC00EB4C3B /* HomeVC.swift */,
				3A7DFB0922DDB63A00EB4C3B /* MyTourVC.swift */,
				3A7DFB0B22DDB64900EB4C3B /* MessageVC.swift */,
				3AA9F27122DF1E1100C89C1A /* GuideListVC.swift */,
				3AA9F27322DF2E6900C89C1A /* AfterRequestVC.swift */,
				3AA9F27522DF6ED600C89C1A /* SignUpVC.swift */,
				3A8BF96F22E029D2008DA199 /* SettingVC.swift */,
				3A8BF97122E0359E008DA199 /* RecoverPasswordVC.swift */,
				3A8BF97322E04C11008DA199 /* MobileVerificationVC.swift */,
				3A8BF97522E04ED5008DA199 /* HelpVC.swift */,
				3A8BF97722E053CB008DA199 /* NotificationVC.swift */,
				3A91A91422E17171003CB07B /* OtpVerificationVC.swift */,
				3A91A91622E17CFD003CB07B /* SignUpQuestionsVC.swift */,
				3A91A91822E180C2003CB07B /* ProfileVC.swift */,
				3A63B85A22E5D8F600BF90CD /* TripDetailsVC.swift */,
				3A911F5022E6D82C00470695 /* UploadDocumentVC.swift */,
				3A2508D722E729AF0014F2EB /* PaymentVC.swift */,
			);
			path = Controller;
			sourceTree = SOURCE_ROOT;
		};
		3A7F299722DC561E00447D5E /* Utility */ = {
			isa = PBXGroup;
			children = (
			);
			path = Utility;
			sourceTree = SOURCE_ROOT;
		};
		B15EBA0022D88D2D0030F1BB /* CustomFonts */ = {
			isa = PBXGroup;
			children = (
				B15EBA1422D88D6C0030F1BB /* Roboto-MediumItalic.ttf */,
				B15EBA1222D88D6C0030F1BB /* Roboto-Regular.ttf */,
				B15EBA1122D88D6C0030F1BB /* Roboto-Thin.ttf */,
				B15EBA1322D88D6C0030F1BB /* Roboto-ThinItalic.ttf */,
				B15EBA0722D88D610030F1BB /* Roboto-Black.ttf */,
				B15EBA0422D88D610030F1BB /* Roboto-BlackItalic.ttf */,
				B15EBA0522D88D610030F1BB /* Roboto-Bold.ttf */,
				B15EBA0622D88D610030F1BB /* Roboto-BoldItalic.ttf */,
				B15EBA0222D88D610030F1BB /* Roboto-Italic.ttf */,
				B15EBA0822D88D610030F1BB /* Roboto-Light.ttf */,
				B15EBA0122D88D610030F1BB /* Roboto-LightItalic.ttf */,
				B15EBA0322D88D610030F1BB /* Roboto-Medium.ttf */,
			);
			path = CustomFonts;
			sourceTree = "<group>";
		};
		B17DA8FF22D4745C007B6A52 = {
			isa = PBXGroup;
			children = (
				3A7DFB0022DDAF4F00EB4C3B /* CustomCell */,
				B15EBA0022D88D2D0030F1BB /* CustomFonts */,
				B17DA93E22D4772D007B6A52 /* CustomClasses */,
				3A7F299522DC55F400447D5E /* Common */,
				3A7F299722DC561E00447D5E /* Utility */,
				3A7F299622DC561E00447D5E /* Controller */,
				B17DA90A22D4745C007B6A52 /* Utalii */,
				B17DA92222D47461007B6A52 /* UtaliiTests */,
				B17DA92D22D47461007B6A52 /* UtaliiUITests */,
				B17DA90922D4745C007B6A52 /* Products */,
				C5D531847E0CD2463A1903A9 /* Pods */,
				0157107FEE8344F4A66254CA /* Frameworks */,
			);
			sourceTree = "<group>";
		};
		B17DA90922D4745C007B6A52 /* Products */ = {
			isa = PBXGroup;
			children = (
				B17DA90822D4745C007B6A52 /* Utalii.app */,
				B17DA91F22D47461007B6A52 /* UtaliiTests.xctest */,
				B17DA92A22D47461007B6A52 /* UtaliiUITests.xctest */,
			);
			name = Products;
			sourceTree = "<group>";
		};
		B17DA90A22D4745C007B6A52 /* Utalii */ = {
			isa = PBXGroup;
			children = (
				B17DA90B22D4745C007B6A52 /* AppDelegate.swift */,
				B17DA90D22D4745C007B6A52 /* ViewController.swift */,
				B17DA90F22D4745C007B6A52 /* Main.storyboard */,
				B17DA91522D47461007B6A52 /* Assets.xcassets */,
				B17DA91722D47461007B6A52 /* LaunchScreen.storyboard */,
				B17DA91A22D47461007B6A52 /* Info.plist */,
				B17DA91222D4745C007B6A52 /* Utalii.xcdatamodeld */,
			);
			path = Utalii;
			sourceTree = "<group>";
		};
		B17DA92222D47461007B6A52 /* UtaliiTests */ = {
			isa = PBXGroup;
			children = (
				B17DA92322D47461007B6A52 /* UtaliiTests.swift */,
				B17DA92522D47461007B6A52 /* Info.plist */,
			);
			path = UtaliiTests;
			sourceTree = "<group>";
		};
		B17DA92D22D47461007B6A52 /* UtaliiUITests */ = {
			isa = PBXGroup;
			children = (
				B17DA92E22D47461007B6A52 /* UtaliiUITests.swift */,
				B17DA93022D47461007B6A52 /* Info.plist */,
			);
			path = UtaliiUITests;
			sourceTree = "<group>";
		};
		B17DA93E22D4772D007B6A52 /* CustomClasses */ = {
			isa = PBXGroup;
			children = (
				B15EB9FA22D889C80030F1BB /* UTButton.swift */,
				B15EB9FC22D889E90030F1BB /* UTView.swift */,
				B15EB9FE22D88A160030F1BB /* UTIMageView.swift */,
				3AE6D2F922DE19A3009DB9AA /* ColorExtension.swift */,
				3AA9F26F22DF061500C89C1A /* UIViewExtension.swift */,
				3AA9F27722DF725800C89C1A /* UITextFieldExtension.swift */,
			);
			path = CustomClasses;
			sourceTree = "<group>";
		};
		C5D531847E0CD2463A1903A9 /* Pods */ = {
			isa = PBXGroup;
			children = (
				9930A5530D177A82A589D156 /* Pods-Utalii.debug.xcconfig */,
				F5079ECEF80E152BCA4EEE7F /* Pods-Utalii.release.xcconfig */,
				65D4157F560876E5AF830432 /* Pods-UtaliiTests.debug.xcconfig */,
				66E4DE215876CE9127377725 /* Pods-UtaliiTests.release.xcconfig */,
				3842F7000EB1DF497E7A322E /* Pods-UtaliiUITests.debug.xcconfig */,
				CCB8EDD81F74F7D01FEE539E /* Pods-UtaliiUITests.release.xcconfig */,
			);
			path = Pods;
			sourceTree = "<group>";
		};
/* End PBXGroup section */

/* Begin PBXNativeTarget section */
		B17DA90722D4745C007B6A52 /* Utalii */ = {
			isa = PBXNativeTarget;
			buildConfigurationList = B17DA93322D47461007B6A52 /* Build configuration list for PBXNativeTarget "Utalii" */;
			buildPhases = (
				D391DF490A63854ED874EA2D /* [CP] Check Pods Manifest.lock */,
				B17DA90422D4745C007B6A52 /* Sources */,
				B17DA90522D4745C007B6A52 /* Frameworks */,
				B17DA90622D4745C007B6A52 /* Resources */,
				5E15F21DA0D3631BFEAD774D /* [CP] Embed Pods Frameworks */,
				2DD22739B1AAC9EE8812CF04 /* [CP] Copy Pods Resources */,
			);
			buildRules = (
			);
			dependencies = (
			);
			name = Utalii;
			productName = Utalii;
			productReference = B17DA90822D4745C007B6A52 /* Utalii.app */;
			productType = "com.apple.product-type.application";
		};
		B17DA91E22D47461007B6A52 /* UtaliiTests */ = {
			isa = PBXNativeTarget;
			buildConfigurationList = B17DA93622D47461007B6A52 /* Build configuration list for PBXNativeTarget "UtaliiTests" */;
			buildPhases = (
				7EE5253DF03E40B219BFFDC8 /* [CP] Check Pods Manifest.lock */,
				B17DA91B22D47461007B6A52 /* Sources */,
				B17DA91C22D47461007B6A52 /* Frameworks */,
				B17DA91D22D47461007B6A52 /* Resources */,
			);
			buildRules = (
			);
			dependencies = (
				B17DA92122D47461007B6A52 /* PBXTargetDependency */,
			);
			name = UtaliiTests;
			productName = UtaliiTests;
			productReference = B17DA91F22D47461007B6A52 /* UtaliiTests.xctest */;
			productType = "com.apple.product-type.bundle.unit-test";
		};
		B17DA92922D47461007B6A52 /* UtaliiUITests */ = {
			isa = PBXNativeTarget;
			buildConfigurationList = B17DA93922D47461007B6A52 /* Build configuration list for PBXNativeTarget "UtaliiUITests" */;
			buildPhases = (
				B442DA86CF2C6C58620D0F86 /* [CP] Check Pods Manifest.lock */,
				B17DA92622D47461007B6A52 /* Sources */,
				B17DA92722D47461007B6A52 /* Frameworks */,
				B17DA92822D47461007B6A52 /* Resources */,
			);
			buildRules = (
			);
			dependencies = (
				B17DA92C22D47461007B6A52 /* PBXTargetDependency */,
			);
			name = UtaliiUITests;
			productName = UtaliiUITests;
			productReference = B17DA92A22D47461007B6A52 /* UtaliiUITests.xctest */;
			productType = "com.apple.product-type.bundle.ui-testing";
		};
/* End PBXNativeTarget section */

/* Begin PBXProject section */
		B17DA90022D4745C007B6A52 /* Project object */ = {
			isa = PBXProject;
			attributes = {
				LastSwiftUpdateCheck = 1020;
				LastUpgradeCheck = 1020;
				ORGANIZATIONNAME = Vivek;
				TargetAttributes = {
					B17DA90722D4745C007B6A52 = {
						CreatedOnToolsVersion = 10.2;
					};
					B17DA91E22D47461007B6A52 = {
						CreatedOnToolsVersion = 10.2;
						TestTargetID = B17DA90722D4745C007B6A52;
					};
					B17DA92922D47461007B6A52 = {
						CreatedOnToolsVersion = 10.2;
						TestTargetID = B17DA90722D4745C007B6A52;
					};
				};
			};
			buildConfigurationList = B17DA90322D4745C007B6A52 /* Build configuration list for PBXProject "Utalii" */;
			compatibilityVersion = "Xcode 9.3";
			developmentRegion = en;
			hasScannedForEncodings = 0;
			knownRegions = (
				en,
				Base,
			);
			mainGroup = B17DA8FF22D4745C007B6A52;
			productRefGroup = B17DA90922D4745C007B6A52 /* Products */;
			projectDirPath = "";
			projectRoot = "";
			targets = (
				B17DA90722D4745C007B6A52 /* Utalii */,
				B17DA91E22D47461007B6A52 /* UtaliiTests */,
				B17DA92922D47461007B6A52 /* UtaliiUITests */,
			);
		};
/* End PBXProject section */

/* Begin PBXResourcesBuildPhase section */
		B17DA90622D4745C007B6A52 /* Resources */ = {
			isa = PBXResourcesBuildPhase;
			buildActionMask = 2147483647;
			files = (
				B15EBA0E22D88D610030F1BB /* Roboto-BoldItalic.ttf in Resources */,
				B15EBA1822D88D6C0030F1BB /* Roboto-MediumItalic.ttf in Resources */,
				B17DA91922D47461007B6A52 /* LaunchScreen.storyboard in Resources */,
				B17DA91622D47461007B6A52 /* Assets.xcassets in Resources */,
				B15EBA1022D88D610030F1BB /* Roboto-Light.ttf in Resources */,
				B15EBA0B22D88D610030F1BB /* Roboto-Medium.ttf in Resources */,
				B15EBA0C22D88D610030F1BB /* Roboto-BlackItalic.ttf in Resources */,
				B15EBA0A22D88D610030F1BB /* Roboto-Italic.ttf in Resources */,
				B15EBA0922D88D610030F1BB /* Roboto-LightItalic.ttf in Resources */,
				B15EBA1522D88D6C0030F1BB /* Roboto-Thin.ttf in Resources */,
				B15EBA0F22D88D610030F1BB /* Roboto-Black.ttf in Resources */,
				B15EBA1722D88D6C0030F1BB /* Roboto-ThinItalic.ttf in Resources */,
				B15EBA1622D88D6C0030F1BB /* Roboto-Regular.ttf in Resources */,
				B15EBA0D22D88D610030F1BB /* Roboto-Bold.ttf in Resources */,
				B17DA91122D4745C007B6A52 /* Main.storyboard in Resources */,
			);
			runOnlyForDeploymentPostprocessing = 0;
		};
		B17DA91D22D47461007B6A52 /* Resources */ = {
			isa = PBXResourcesBuildPhase;
			buildActionMask = 2147483647;
			files = (
			);
			runOnlyForDeploymentPostprocessing = 0;
		};
		B17DA92822D47461007B6A52 /* Resources */ = {
			isa = PBXResourcesBuildPhase;
			buildActionMask = 2147483647;
			files = (
			);
			runOnlyForDeploymentPostprocessing = 0;
		};
/* End PBXResourcesBuildPhase section */

/* Begin PBXShellScriptBuildPhase section */
		2DD22739B1AAC9EE8812CF04 /* [CP] Copy Pods Resources */ = {
			isa = PBXShellScriptBuildPhase;
			buildActionMask = 2147483647;
			files = (
			);
			inputFileListPaths = (
			);
			inputPaths = (
				"${PODS_ROOT}/Target Support Files/Pods-Utalii/Pods-Utalii-resources.sh",
				"${PODS_ROOT}/GoogleSignIn/Resources/GoogleSignIn.bundle",
			);
			name = "[CP] Copy Pods Resources";
			outputFileListPaths = (
			);
			outputPaths = (
				"${TARGET_BUILD_DIR}/${UNLOCALIZED_RESOURCES_FOLDER_PATH}/GoogleSignIn.bundle",
			);
			runOnlyForDeploymentPostprocessing = 0;
			shellPath = /bin/sh;
			shellScript = "\"${PODS_ROOT}/Target Support Files/Pods-Utalii/Pods-Utalii-resources.sh\"\n";
			showEnvVarsInLog = 0;
		};
		5E15F21DA0D3631BFEAD774D /* [CP] Embed Pods Frameworks */ = {
			isa = PBXShellScriptBuildPhase;
			buildActionMask = 2147483647;
			files = (
			);
			inputFileListPaths = (
			);
			inputPaths = (
				"${PODS_ROOT}/Target Support Files/Pods-Utalii/Pods-Utalii-frameworks.sh",
				"${BUILT_PRODUCTS_DIR}/Alamofire/Alamofire.framework",
				"${BUILT_PRODUCTS_DIR}/BPCircleActivityIndicator/BPCircleActivityIndicator.framework",
				"${BUILT_PRODUCTS_DIR}/FBSDKCoreKit/FBSDKCoreKit.framework",
				"${BUILT_PRODUCTS_DIR}/FBSDKLoginKit/FBSDKLoginKit.framework",
				"${BUILT_PRODUCTS_DIR}/GTMSessionFetcher/GTMSessionFetcher.framework",
				"${BUILT_PRODUCTS_DIR}/GoogleToolboxForMac/GoogleToolboxForMac.framework",
				"${BUILT_PRODUCTS_DIR}/IQKeyboardManager/IQKeyboardManager.framework",
				"${BUILT_PRODUCTS_DIR}/RappleProgressHUD/RappleProgressHUD.framework",
				"${BUILT_PRODUCTS_DIR}/SDWebImage/SDWebImage.framework",
				"${BUILT_PRODUCTS_DIR}/SkyFloatingLabelTextField/SkyFloatingLabelTextField.framework",
				"${BUILT_PRODUCTS_DIR}/Stripe/Stripe.framework",
			);
			name = "[CP] Embed Pods Frameworks";
			outputFileListPaths = (
			);
			outputPaths = (
				"${TARGET_BUILD_DIR}/${FRAMEWORKS_FOLDER_PATH}/Alamofire.framework",
				"${TARGET_BUILD_DIR}/${FRAMEWORKS_FOLDER_PATH}/BPCircleActivityIndicator.framework",
				"${TARGET_BUILD_DIR}/${FRAMEWORKS_FOLDER_PATH}/FBSDKCoreKit.framework",
				"${TARGET_BUILD_DIR}/${FRAMEWORKS_FOLDER_PATH}/FBSDKLoginKit.framework",
				"${TARGET_BUILD_DIR}/${FRAMEWORKS_FOLDER_PATH}/GTMSessionFetcher.framework",
				"${TARGET_BUILD_DIR}/${FRAMEWORKS_FOLDER_PATH}/GoogleToolboxForMac.framework",
				"${TARGET_BUILD_DIR}/${FRAMEWORKS_FOLDER_PATH}/IQKeyboardManager.framework",
				"${TARGET_BUILD_DIR}/${FRAMEWORKS_FOLDER_PATH}/RappleProgressHUD.framework",
				"${TARGET_BUILD_DIR}/${FRAMEWORKS_FOLDER_PATH}/SDWebImage.framework",
				"${TARGET_BUILD_DIR}/${FRAMEWORKS_FOLDER_PATH}/SkyFloatingLabelTextField.framework",
				"${TARGET_BUILD_DIR}/${FRAMEWORKS_FOLDER_PATH}/Stripe.framework",
			);
			runOnlyForDeploymentPostprocessing = 0;
			shellPath = /bin/sh;
			shellScript = "\"${PODS_ROOT}/Target Support Files/Pods-Utalii/Pods-Utalii-frameworks.sh\"\n";
			showEnvVarsInLog = 0;
		};
		7EE5253DF03E40B219BFFDC8 /* [CP] Check Pods Manifest.lock */ = {
			isa = PBXShellScriptBuildPhase;
			buildActionMask = 2147483647;
			files = (
			);
			inputFileListPaths = (
			);
			inputPaths = (
				"${PODS_PODFILE_DIR_PATH}/Podfile.lock",
				"${PODS_ROOT}/Manifest.lock",
			);
			name = "[CP] Check Pods Manifest.lock";
			outputFileListPaths = (
			);
			outputPaths = (
				"$(DERIVED_FILE_DIR)/Pods-UtaliiTests-checkManifestLockResult.txt",
			);
			runOnlyForDeploymentPostprocessing = 0;
			shellPath = /bin/sh;
			shellScript = "diff \"${PODS_PODFILE_DIR_PATH}/Podfile.lock\" \"${PODS_ROOT}/Manifest.lock\" > /dev/null\nif [ $? != 0 ] ; then\n    # print error to STDERR\n    echo \"error: The sandbox is not in sync with the Podfile.lock. Run 'pod install' or update your CocoaPods installation.\" >&2\n    exit 1\nfi\n# This output is used by Xcode 'outputs' to avoid re-running this script phase.\necho \"SUCCESS\" > \"${SCRIPT_OUTPUT_FILE_0}\"\n";
			showEnvVarsInLog = 0;
		};
		B442DA86CF2C6C58620D0F86 /* [CP] Check Pods Manifest.lock */ = {
			isa = PBXShellScriptBuildPhase;
			buildActionMask = 2147483647;
			files = (
			);
			inputFileListPaths = (
			);
			inputPaths = (
				"${PODS_PODFILE_DIR_PATH}/Podfile.lock",
				"${PODS_ROOT}/Manifest.lock",
			);
			name = "[CP] Check Pods Manifest.lock";
			outputFileListPaths = (
			);
			outputPaths = (
				"$(DERIVED_FILE_DIR)/Pods-UtaliiUITests-checkManifestLockResult.txt",
			);
			runOnlyForDeploymentPostprocessing = 0;
			shellPath = /bin/sh;
			shellScript = "diff \"${PODS_PODFILE_DIR_PATH}/Podfile.lock\" \"${PODS_ROOT}/Manifest.lock\" > /dev/null\nif [ $? != 0 ] ; then\n    # print error to STDERR\n    echo \"error: The sandbox is not in sync with the Podfile.lock. Run 'pod install' or update your CocoaPods installation.\" >&2\n    exit 1\nfi\n# This output is used by Xcode 'outputs' to avoid re-running this script phase.\necho \"SUCCESS\" > \"${SCRIPT_OUTPUT_FILE_0}\"\n";
			showEnvVarsInLog = 0;
		};
		D391DF490A63854ED874EA2D /* [CP] Check Pods Manifest.lock */ = {
			isa = PBXShellScriptBuildPhase;
			buildActionMask = 2147483647;
			files = (
			);
			inputFileListPaths = (
			);
			inputPaths = (
				"${PODS_PODFILE_DIR_PATH}/Podfile.lock",
				"${PODS_ROOT}/Manifest.lock",
			);
			name = "[CP] Check Pods Manifest.lock";
			outputFileListPaths = (
			);
			outputPaths = (
				"$(DERIVED_FILE_DIR)/Pods-Utalii-checkManifestLockResult.txt",
			);
			runOnlyForDeploymentPostprocessing = 0;
			shellPath = /bin/sh;
			shellScript = "diff \"${PODS_PODFILE_DIR_PATH}/Podfile.lock\" \"${PODS_ROOT}/Manifest.lock\" > /dev/null\nif [ $? != 0 ] ; then\n    # print error to STDERR\n    echo \"error: The sandbox is not in sync with the Podfile.lock. Run 'pod install' or update your CocoaPods installation.\" >&2\n    exit 1\nfi\n# This output is used by Xcode 'outputs' to avoid re-running this script phase.\necho \"SUCCESS\" > \"${SCRIPT_OUTPUT_FILE_0}\"\n";
			showEnvVarsInLog = 0;
		};
/* End PBXShellScriptBuildPhase section */

/* Begin PBXSourcesBuildPhase section */
		B17DA90422D4745C007B6A52 /* Sources */ = {
			isa = PBXSourcesBuildPhase;
			buildActionMask = 2147483647;
			files = (
				3A91A91722E17CFD003CB07B /* SignUpQuestionsVC.swift in Sources */,
				3A8BF97222E0359E008DA199 /* RecoverPasswordVC.swift in Sources */,
				3A8BF97422E04C11008DA199 /* MobileVerificationVC.swift in Sources */,
				3A7DFB0422DDAF9000EB4C3B /* GuideCell.swift in Sources */,
				3A7DFB0A22DDB63A00EB4C3B /* MyTourVC.swift in Sources */,
				3A7DFB0822DDB5AC00EB4C3B /* HomeVC.swift in Sources */,
				3A911F5122E6D82C00470695 /* UploadDocumentVC.swift in Sources */,
				3AA9F27422DF2E6900C89C1A /* AfterRequestVC.swift in Sources */,
				B15EB9FD22D889E90030F1BB /* UTView.swift in Sources */,
				3A91A91922E180C2003CB07B /* ProfileVC.swift in Sources */,
				3AA9F27022DF061500C89C1A /* UIViewExtension.swift in Sources */,
				3A8BF97022E029D2008DA199 /* SettingVC.swift in Sources */,
				3A91A91522E17171003CB07B /* OtpVerificationVC.swift in Sources */,
				3A7DFB0C22DDB64900EB4C3B /* MessageVC.swift in Sources */,
				3AA9F27822DF725800C89C1A /* UITextFieldExtension.swift in Sources */,
				3A8BF97622E04ED5008DA199 /* HelpVC.swift in Sources */,
				B17DA90E22D4745C007B6A52 /* ViewController.swift in Sources */,
				B17DA90C22D4745C007B6A52 /* AppDelegate.swift in Sources */,
				3A7DFB0222DDAF7900EB4C3B /* DestinationCell.swift in Sources */,
				B15EB9FB22D889C80030F1BB /* UTButton.swift in Sources */,
				B17DA91422D4745C007B6A52 /* Utalii.xcdatamodeld in Sources */,
				3A2508D822E729AF0014F2EB /* PaymentVC.swift in Sources */,
				3A7DFB0622DDAFC100EB4C3B /* DestinationCollectionViewCell.swift in Sources */,
				3AA9F27222DF1E1100C89C1A /* GuideListVC.swift in Sources */,
				3A8BF97822E053CB008DA199 /* NotificationVC.swift in Sources */,
				3A63B85B22E5D8F600BF90CD /* TripDetailsVC.swift in Sources */,
				B15EB9FF22D88A160030F1BB /* UTIMageView.swift in Sources */,
				3AE6D2FA22DE19A3009DB9AA /* ColorExtension.swift in Sources */,
				3AA9F27622DF6ED600C89C1A /* SignUpVC.swift in Sources */,
			);
			runOnlyForDeploymentPostprocessing = 0;
		};
		B17DA91B22D47461007B6A52 /* Sources */ = {
			isa = PBXSourcesBuildPhase;
			buildActionMask = 2147483647;
			files = (
				B17DA92422D47461007B6A52 /* UtaliiTests.swift in Sources */,
			);
			runOnlyForDeploymentPostprocessing = 0;
		};
		B17DA92622D47461007B6A52 /* Sources */ = {
			isa = PBXSourcesBuildPhase;
			buildActionMask = 2147483647;
			files = (
				B17DA92F22D47461007B6A52 /* UtaliiUITests.swift in Sources */,
			);
			runOnlyForDeploymentPostprocessing = 0;
		};
/* End PBXSourcesBuildPhase section */

/* Begin PBXTargetDependency section */
		B17DA92122D47461007B6A52 /* PBXTargetDependency */ = {
			isa = PBXTargetDependency;
			target = B17DA90722D4745C007B6A52 /* Utalii */;
			targetProxy = B17DA92022D47461007B6A52 /* PBXContainerItemProxy */;
		};
		B17DA92C22D47461007B6A52 /* PBXTargetDependency */ = {
			isa = PBXTargetDependency;
			target = B17DA90722D4745C007B6A52 /* Utalii */;
			targetProxy = B17DA92B22D47461007B6A52 /* PBXContainerItemProxy */;
		};
/* End PBXTargetDependency section */

/* Begin PBXVariantGroup section */
		B17DA90F22D4745C007B6A52 /* Main.storyboard */ = {
			isa = PBXVariantGroup;
			children = (
				B17DA91022D4745C007B6A52 /* Base */,
			);
			name = Main.storyboard;
			sourceTree = "<group>";
		};
		B17DA91722D47461007B6A52 /* LaunchScreen.storyboard */ = {
			isa = PBXVariantGroup;
			children = (
				B17DA91822D47461007B6A52 /* Base */,
			);
			name = LaunchScreen.storyboard;
			sourceTree = "<group>";
		};
/* End PBXVariantGroup section */

/* Begin XCBuildConfiguration section */
		B17DA93122D47461007B6A52 /* Debug */ = {
			isa = XCBuildConfiguration;
			buildSettings = {
				ALWAYS_SEARCH_USER_PATHS = NO;
				CLANG_ANALYZER_NONNULL = YES;
				CLANG_ANALYZER_NUMBER_OBJECT_CONVERSION = YES_AGGRESSIVE;
				CLANG_CXX_LANGUAGE_STANDARD = "gnu++14";
				CLANG_CXX_LIBRARY = "libc++";
				CLANG_ENABLE_MODULES = YES;
				CLANG_ENABLE_OBJC_ARC = YES;
				CLANG_ENABLE_OBJC_WEAK = YES;
				CLANG_WARN_BLOCK_CAPTURE_AUTORELEASING = YES;
				CLANG_WARN_BOOL_CONVERSION = YES;
				CLANG_WARN_COMMA = YES;
				CLANG_WARN_CONSTANT_CONVERSION = YES;
				CLANG_WARN_DEPRECATED_OBJC_IMPLEMENTATIONS = YES;
				CLANG_WARN_DIRECT_OBJC_ISA_USAGE = YES_ERROR;
				CLANG_WARN_DOCUMENTATION_COMMENTS = YES;
				CLANG_WARN_EMPTY_BODY = YES;
				CLANG_WARN_ENUM_CONVERSION = YES;
				CLANG_WARN_INFINITE_RECURSION = YES;
				CLANG_WARN_INT_CONVERSION = YES;
				CLANG_WARN_NON_LITERAL_NULL_CONVERSION = YES;
				CLANG_WARN_OBJC_IMPLICIT_RETAIN_SELF = YES;
				CLANG_WARN_OBJC_LITERAL_CONVERSION = YES;
				CLANG_WARN_OBJC_ROOT_CLASS = YES_ERROR;
				CLANG_WARN_RANGE_LOOP_ANALYSIS = YES;
				CLANG_WARN_STRICT_PROTOTYPES = YES;
				CLANG_WARN_SUSPICIOUS_MOVE = YES;
				CLANG_WARN_UNGUARDED_AVAILABILITY = YES_AGGRESSIVE;
				CLANG_WARN_UNREACHABLE_CODE = YES;
				CLANG_WARN__DUPLICATE_METHOD_MATCH = YES;
				CODE_SIGN_IDENTITY = "iPhone Developer";
				COPY_PHASE_STRIP = NO;
				DEBUG_INFORMATION_FORMAT = dwarf;
				ENABLE_STRICT_OBJC_MSGSEND = YES;
				ENABLE_TESTABILITY = YES;
				GCC_C_LANGUAGE_STANDARD = gnu11;
				GCC_DYNAMIC_NO_PIC = NO;
				GCC_NO_COMMON_BLOCKS = YES;
				GCC_OPTIMIZATION_LEVEL = 0;
				GCC_PREPROCESSOR_DEFINITIONS = (
					"DEBUG=1",
					"$(inherited)",
				);
				GCC_WARN_64_TO_32_BIT_CONVERSION = YES;
				GCC_WARN_ABOUT_RETURN_TYPE = YES_ERROR;
				GCC_WARN_UNDECLARED_SELECTOR = YES;
				GCC_WARN_UNINITIALIZED_AUTOS = YES_AGGRESSIVE;
				GCC_WARN_UNUSED_FUNCTION = YES;
				GCC_WARN_UNUSED_VARIABLE = YES;
				IPHONEOS_DEPLOYMENT_TARGET = 12.2;
				MTL_ENABLE_DEBUG_INFO = INCLUDE_SOURCE;
				MTL_FAST_MATH = YES;
				ONLY_ACTIVE_ARCH = YES;
				SDKROOT = iphoneos;
				SWIFT_ACTIVE_COMPILATION_CONDITIONS = DEBUG;
				SWIFT_OPTIMIZATION_LEVEL = "-Onone";
			};
			name = Debug;
		};
		B17DA93222D47461007B6A52 /* Release */ = {
			isa = XCBuildConfiguration;
			buildSettings = {
				ALWAYS_SEARCH_USER_PATHS = NO;
				CLANG_ANALYZER_NONNULL = YES;
				CLANG_ANALYZER_NUMBER_OBJECT_CONVERSION = YES_AGGRESSIVE;
				CLANG_CXX_LANGUAGE_STANDARD = "gnu++14";
				CLANG_CXX_LIBRARY = "libc++";
				CLANG_ENABLE_MODULES = YES;
				CLANG_ENABLE_OBJC_ARC = YES;
				CLANG_ENABLE_OBJC_WEAK = YES;
				CLANG_WARN_BLOCK_CAPTURE_AUTORELEASING = YES;
				CLANG_WARN_BOOL_CONVERSION = YES;
				CLANG_WARN_COMMA = YES;
				CLANG_WARN_CONSTANT_CONVERSION = YES;
				CLANG_WARN_DEPRECATED_OBJC_IMPLEMENTATIONS = YES;
				CLANG_WARN_DIRECT_OBJC_ISA_USAGE = YES_ERROR;
				CLANG_WARN_DOCUMENTATION_COMMENTS = YES;
				CLANG_WARN_EMPTY_BODY = YES;
				CLANG_WARN_ENUM_CONVERSION = YES;
				CLANG_WARN_INFINITE_RECURSION = YES;
				CLANG_WARN_INT_CONVERSION = YES;
				CLANG_WARN_NON_LITERAL_NULL_CONVERSION = YES;
				CLANG_WARN_OBJC_IMPLICIT_RETAIN_SELF = YES;
				CLANG_WARN_OBJC_LITERAL_CONVERSION = YES;
				CLANG_WARN_OBJC_ROOT_CLASS = YES_ERROR;
				CLANG_WARN_RANGE_LOOP_ANALYSIS = YES;
				CLANG_WARN_STRICT_PROTOTYPES = YES;
				CLANG_WARN_SUSPICIOUS_MOVE = YES;
				CLANG_WARN_UNGUARDED_AVAILABILITY = YES_AGGRESSIVE;
				CLANG_WARN_UNREACHABLE_CODE = YES;
				CLANG_WARN__DUPLICATE_METHOD_MATCH = YES;
				CODE_SIGN_IDENTITY = "iPhone Developer";
				COPY_PHASE_STRIP = NO;
				DEBUG_INFORMATION_FORMAT = "dwarf-with-dsym";
				ENABLE_NS_ASSERTIONS = NO;
				ENABLE_STRICT_OBJC_MSGSEND = YES;
				GCC_C_LANGUAGE_STANDARD = gnu11;
				GCC_NO_COMMON_BLOCKS = YES;
				GCC_WARN_64_TO_32_BIT_CONVERSION = YES;
				GCC_WARN_ABOUT_RETURN_TYPE = YES_ERROR;
				GCC_WARN_UNDECLARED_SELECTOR = YES;
				GCC_WARN_UNINITIALIZED_AUTOS = YES_AGGRESSIVE;
				GCC_WARN_UNUSED_FUNCTION = YES;
				GCC_WARN_UNUSED_VARIABLE = YES;
				IPHONEOS_DEPLOYMENT_TARGET = 12.2;
				MTL_ENABLE_DEBUG_INFO = NO;
				MTL_FAST_MATH = YES;
				SDKROOT = iphoneos;
				SWIFT_COMPILATION_MODE = wholemodule;
				SWIFT_OPTIMIZATION_LEVEL = "-O";
				VALIDATE_PRODUCT = YES;
			};
			name = Release;
		};
		B17DA93422D47461007B6A52 /* Debug */ = {
			isa = XCBuildConfiguration;
			baseConfigurationReference = 9930A5530D177A82A589D156 /* Pods-Utalii.debug.xcconfig */;
			buildSettings = {
				ASSETCATALOG_COMPILER_APPICON_NAME = AppIcon;
				CODE_SIGN_STYLE = Automatic;
				DEVELOPMENT_TEAM = 7986UXK74B;
				INFOPLIST_FILE = Utalii/Info.plist;
				IPHONEOS_DEPLOYMENT_TARGET = 11.0;
				LD_RUNPATH_SEARCH_PATHS = (
					"$(inherited)",
					"@executable_path/Frameworks",
				);
				PRODUCT_BUNDLE_IDENTIFIER = test.ve.Utalii;
				PRODUCT_NAME = "$(TARGET_NAME)";
				SWIFT_VERSION = 4.2;
				TARGETED_DEVICE_FAMILY = "1,2";
			};
			name = Debug;
		};
		B17DA93522D47461007B6A52 /* Release */ = {
			isa = XCBuildConfiguration;
			baseConfigurationReference = F5079ECEF80E152BCA4EEE7F /* Pods-Utalii.release.xcconfig */;
			buildSettings = {
				ASSETCATALOG_COMPILER_APPICON_NAME = AppIcon;
				CODE_SIGN_STYLE = Automatic;
				DEVELOPMENT_TEAM = 7986UXK74B;
				INFOPLIST_FILE = Utalii/Info.plist;
				IPHONEOS_DEPLOYMENT_TARGET = 11.0;
				LD_RUNPATH_SEARCH_PATHS = (
					"$(inherited)",
					"@executable_path/Frameworks",
				);
				PRODUCT_BUNDLE_IDENTIFIER = test.ve.Utalii;
				PRODUCT_NAME = "$(TARGET_NAME)";
				SWIFT_VERSION = 4.2;
				TARGETED_DEVICE_FAMILY = "1,2";
			};
			name = Release;
		};
		B17DA93722D47461007B6A52 /* Debug */ = {
			isa = XCBuildConfiguration;
			baseConfigurationReference = 65D4157F560876E5AF830432 /* Pods-UtaliiTests.debug.xcconfig */;
			buildSettings = {
				ALWAYS_EMBED_SWIFT_STANDARD_LIBRARIES = YES;
				BUNDLE_LOADER = "$(TEST_HOST)";
				CODE_SIGN_STYLE = Automatic;
				INFOPLIST_FILE = UtaliiTests/Info.plist;
				LD_RUNPATH_SEARCH_PATHS = (
					"$(inherited)",
					"@executable_path/Frameworks",
					"@loader_path/Frameworks",
				);
				PRODUCT_BUNDLE_IDENTIFIER = test.vivek.UtaliiTests;
				PRODUCT_NAME = "$(TARGET_NAME)";
				SWIFT_VERSION = 5.0;
				TARGETED_DEVICE_FAMILY = "1,2";
				TEST_HOST = "$(BUILT_PRODUCTS_DIR)/Utalii.app/Utalii";
			};
			name = Debug;
		};
		B17DA93822D47461007B6A52 /* Release */ = {
			isa = XCBuildConfiguration;
			baseConfigurationReference = 66E4DE215876CE9127377725 /* Pods-UtaliiTests.release.xcconfig */;
			buildSettings = {
				ALWAYS_EMBED_SWIFT_STANDARD_LIBRARIES = YES;
				BUNDLE_LOADER = "$(TEST_HOST)";
				CODE_SIGN_STYLE = Automatic;
				INFOPLIST_FILE = UtaliiTests/Info.plist;
				LD_RUNPATH_SEARCH_PATHS = (
					"$(inherited)",
					"@executable_path/Frameworks",
					"@loader_path/Frameworks",
				);
				PRODUCT_BUNDLE_IDENTIFIER = test.vivek.UtaliiTests;
				PRODUCT_NAME = "$(TARGET_NAME)";
				SWIFT_VERSION = 5.0;
				TARGETED_DEVICE_FAMILY = "1,2";
				TEST_HOST = "$(BUILT_PRODUCTS_DIR)/Utalii.app/Utalii";
			};
			name = Release;
		};
		B17DA93A22D47461007B6A52 /* Debug */ = {
			isa = XCBuildConfiguration;
			baseConfigurationReference = 3842F7000EB1DF497E7A322E /* Pods-UtaliiUITests.debug.xcconfig */;
			buildSettings = {
				ALWAYS_EMBED_SWIFT_STANDARD_LIBRARIES = YES;
				CODE_SIGN_STYLE = Automatic;
				INFOPLIST_FILE = UtaliiUITests/Info.plist;
				LD_RUNPATH_SEARCH_PATHS = (
					"$(inherited)",
					"@executable_path/Frameworks",
					"@loader_path/Frameworks",
				);
				PRODUCT_BUNDLE_IDENTIFIER = test.vivek.UtaliiUITests;
				PRODUCT_NAME = "$(TARGET_NAME)";
				SWIFT_VERSION = 5.0;
				TARGETED_DEVICE_FAMILY = "1,2";
				TEST_TARGET_NAME = Utalii;
			};
			name = Debug;
		};
		B17DA93B22D47461007B6A52 /* Release */ = {
			isa = XCBuildConfiguration;
			baseConfigurationReference = CCB8EDD81F74F7D01FEE539E /* Pods-UtaliiUITests.release.xcconfig */;
			buildSettings = {
				ALWAYS_EMBED_SWIFT_STANDARD_LIBRARIES = YES;
				CODE_SIGN_STYLE = Automatic;
				INFOPLIST_FILE = UtaliiUITests/Info.plist;
				LD_RUNPATH_SEARCH_PATHS = (
					"$(inherited)",
					"@executable_path/Frameworks",
					"@loader_path/Frameworks",
				);
				PRODUCT_BUNDLE_IDENTIFIER = test.vivek.UtaliiUITests;
				PRODUCT_NAME = "$(TARGET_NAME)";
				SWIFT_VERSION = 5.0;
				TARGETED_DEVICE_FAMILY = "1,2";
				TEST_TARGET_NAME = Utalii;
			};
			name = Release;
		};
/* End XCBuildConfiguration section */

/* Begin XCConfigurationList section */
		B17DA90322D4745C007B6A52 /* Build configuration list for PBXProject "Utalii" */ = {
			isa = XCConfigurationList;
			buildConfigurations = (
				B17DA93122D47461007B6A52 /* Debug */,
				B17DA93222D47461007B6A52 /* Release */,
			);
			defaultConfigurationIsVisible = 0;
			defaultConfigurationName = Release;
		};
		B17DA93322D47461007B6A52 /* Build configuration list for PBXNativeTarget "Utalii" */ = {
			isa = XCConfigurationList;
			buildConfigurations = (
				B17DA93422D47461007B6A52 /* Debug */,
				B17DA93522D47461007B6A52 /* Release */,
			);
			defaultConfigurationIsVisible = 0;
			defaultConfigurationName = Release;
		};
		B17DA93622D47461007B6A52 /* Build configuration list for PBXNativeTarget "UtaliiTests" */ = {
			isa = XCConfigurationList;
			buildConfigurations = (
				B17DA93722D47461007B6A52 /* Debug */,
				B17DA93822D47461007B6A52 /* Release */,
			);
			defaultConfigurationIsVisible = 0;
			defaultConfigurationName = Release;
		};
		B17DA93922D47461007B6A52 /* Build configuration list for PBXNativeTarget "UtaliiUITests" */ = {
			isa = XCConfigurationList;
			buildConfigurations = (
				B17DA93A22D47461007B6A52 /* Debug */,
				B17DA93B22D47461007B6A52 /* Release */,
			);
			defaultConfigurationIsVisible = 0;
			defaultConfigurationName = Release;
		};
/* End XCConfigurationList section */

/* Begin XCVersionGroup section */
		B17DA91222D4745C007B6A52 /* Utalii.xcdatamodeld */ = {
			isa = XCVersionGroup;
			children = (
				B17DA91322D4745C007B6A52 /* Utalii.xcdatamodel */,
			);
			currentVersion = B17DA91322D4745C007B6A52 /* Utalii.xcdatamodel */;
			path = Utalii.xcdatamodeld;
			sourceTree = "<group>";
			versionGroupType = wrapper.xcdatamodel;
		};
/* End XCVersionGroup section */
	};
	rootObject = B17DA90022D4745C007B6A52 /* Project object */;
}
